// !$*UTF8*$!
{
	archiveVersion = 1;
	classes = {
	};
	objectVersion = 56;
	objects = {

/* Begin PBXBuildFile section */
		9B0EC24529A3C95B00940C63 /* lamp_off.png in Resources */ = {isa = PBXBuildFile; fileRef = 9B0EC24429A3C95B00940C63 /* lamp_off.png */; };
		9B0EC24729A3C96A00940C63 /* lamp_on.png in Resources */ = {isa = PBXBuildFile; fileRef = 9B0EC24629A3C96A00940C63 /* lamp_on.png */; };
		9B2B0D7F29A8F2960013ACFB /* htmlView.html in Resources */ = {isa = PBXBuildFile; fileRef = 9B2B0D7E29A8F2960013ACFB /* htmlView.html */; };
		9B2C71C229A4EEB70015C165 /* datePickerViewController.swift in Sources */ = {isa = PBXBuildFile; fileRef = 9B2C71C129A4EEB70015C165 /* datePickerViewController.swift */; };
		9B2C71C429A51ECA0015C165 /* pickerViewController.swift in Sources */ = {isa = PBXBuildFile; fileRef = 9B2C71C329A51ECA0015C165 /* pickerViewController.swift */; };
		9B2C71DE29A521480015C165 /* Growing_UP.jpg in Resources */ = {isa = PBXBuildFile; fileRef = 9B2C71D429A521470015C165 /* Growing_UP.jpg */; };
		9B2C71E029A521480015C165 /* Palette.jpg in Resources */ = {isa = PBXBuildFile; fileRef = 9B2C71D629A521470015C165 /* Palette.jpg */; };
		9B2C71E129A521480015C165 /* 꽃갈피1.jpg in Resources */ = {isa = PBXBuildFile; fileRef = 9B2C71D729A521470015C165 /* 꽃갈피1.jpg */; };
		9B2C71E229A521480015C165 /* 조각집.jpg in Resources */ = {isa = PBXBuildFile; fileRef = 9B2C71D829A521470015C165 /* 조각집.jpg */; };
		9B2C71E329A521480015C165 /* Modern_Times.jpg in Resources */ = {isa = PBXBuildFile; fileRef = 9B2C71D929A521480015C165 /* Modern_Times.jpg */; };
		9B2C71E429A521480015C165 /* LILAC.jpg in Resources */ = {isa = PBXBuildFile; fileRef = 9B2C71DA29A521480015C165 /* LILAC.jpg */; };
		9B2C71E529A521480015C165 /* Last_Fantasy.jpg in Resources */ = {isa = PBXBuildFile; fileRef = 9B2C71DB29A521480015C165 /* Last_Fantasy.jpg */; };
		9B2C71E629A521480015C165 /* Love_Poem.jpg in Resources */ = {isa = PBXBuildFile; fileRef = 9B2C71DC29A521480015C165 /* Love_Poem.jpg */; };
		9B2C71E729A521480015C165 /* CHAT-SHIRE.jpg in Resources */ = {isa = PBXBuildFile; fileRef = 9B2C71DD29A521480015C165 /* CHAT-SHIRE.jpg */; };
		9B2C71E929A5217E0015C165 /* 꽃갈피2.jpg in Resources */ = {isa = PBXBuildFile; fileRef = 9B2C71E829A5217E0015C165 /* 꽃갈피2.jpg */; };
		9B2F945929A3A70B00129B05 /* imageViewController.swift in Sources */ = {isa = PBXBuildFile; fileRef = 9B2F945829A3A70B00129B05 /* imageViewController.swift */; };
		9B749B7629A7BED8003B150C /* webViewController.swift in Sources */ = {isa = PBXBuildFile; fileRef = 9B749B7529A7BED8003B150C /* webViewController.swift */; };
		9BB5DEC029A5B38B008BC8E0 /* lamp-remove.png in Resources */ = {isa = PBXBuildFile; fileRef = 9BB5DEBF29A5B38B008BC8E0 /* lamp-remove.png */; };
		9BB5DEC229A5B3CC008BC8E0 /* alertViewController.swift in Sources */ = {isa = PBXBuildFile; fileRef = 9BB5DEC129A5B3CC008BC8E0 /* alertViewController.swift */; };
		9BB80A79299E2E89003FB771 /* AppDelegate.swift in Sources */ = {isa = PBXBuildFile; fileRef = 9BB80A78299E2E89003FB771 /* AppDelegate.swift */; };
		9BB80A7B299E2E89003FB771 /* SceneDelegate.swift in Sources */ = {isa = PBXBuildFile; fileRef = 9BB80A7A299E2E89003FB771 /* SceneDelegate.swift */; };
		9BB80A7D299E2E89003FB771 /* ViewController.swift in Sources */ = {isa = PBXBuildFile; fileRef = 9BB80A7C299E2E89003FB771 /* ViewController.swift */; };
		9BB80A80299E2E89003FB771 /* Main.storyboard in Resources */ = {isa = PBXBuildFile; fileRef = 9BB80A7E299E2E89003FB771 /* Main.storyboard */; };
		9BB80A82299E2E8A003FB771 /* Assets.xcassets in Resources */ = {isa = PBXBuildFile; fileRef = 9BB80A81299E2E8A003FB771 /* Assets.xcassets */; };
		9BB80A85299E2E8A003FB771 /* LaunchScreen.storyboard in Resources */ = {isa = PBXBuildFile; fileRef = 9BB80A83299E2E8A003FB771 /* LaunchScreen.storyboard */; };
/* End PBXBuildFile section */

/* Begin PBXFileReference section */
		9B0EC24429A3C95B00940C63 /* lamp_off.png */ = {isa = PBXFileReference; lastKnownFileType = image.png; path = lamp_off.png; sourceTree = "<group>"; };
		9B0EC24629A3C96A00940C63 /* lamp_on.png */ = {isa = PBXFileReference; lastKnownFileType = image.png; path = lamp_on.png; sourceTree = "<group>"; };
		9B2B0D7E29A8F2960013ACFB /* htmlView.html */ = {isa = PBXFileReference; lastKnownFileType = text.html; path = htmlView.html; sourceTree = "<group>"; };
		9B2C71C129A4EEB70015C165 /* datePickerViewController.swift */ = {isa = PBXFileReference; lastKnownFileType = sourcecode.swift; path = datePickerViewController.swift; sourceTree = "<group>"; };
		9B2C71C329A51ECA0015C165 /* pickerViewController.swift */ = {isa = PBXFileReference; lastKnownFileType = sourcecode.swift; path = pickerViewController.swift; sourceTree = "<group>"; };
		9B2C71D429A521470015C165 /* Growing_UP.jpg */ = {isa = PBXFileReference; lastKnownFileType = image.jpeg; path = Growing_UP.jpg; sourceTree = "<group>"; };
		9B2C71D629A521470015C165 /* Palette.jpg */ = {isa = PBXFileReference; lastKnownFileType = image.jpeg; path = Palette.jpg; sourceTree = "<group>"; };
		9B2C71D729A521470015C165 /* 꽃갈피1.jpg */ = {isa = PBXFileReference; lastKnownFileType = image.jpeg; path = "꽃갈피1.jpg"; sourceTree = "<group>"; };
		9B2C71D829A521470015C165 /* 조각집.jpg */ = {isa = PBXFileReference; lastKnownFileType = image.jpeg; path = "조각집.jpg"; sourceTree = "<group>"; };
		9B2C71D929A521480015C165 /* Modern_Times.jpg */ = {isa = PBXFileReference; lastKnownFileType = image.jpeg; path = Modern_Times.jpg; sourceTree = "<group>"; };
		9B2C71DA29A521480015C165 /* LILAC.jpg */ = {isa = PBXFileReference; lastKnownFileType = image.jpeg; path = LILAC.jpg; sourceTree = "<group>"; };
		9B2C71DB29A521480015C165 /* Last_Fantasy.jpg */ = {isa = PBXFileReference; lastKnownFileType = image.jpeg; path = Last_Fantasy.jpg; sourceTree = "<group>"; };
		9B2C71DC29A521480015C165 /* Love_Poem.jpg */ = {isa = PBXFileReference; lastKnownFileType = image.jpeg; path = Love_Poem.jpg; sourceTree = "<group>"; };
		9B2C71DD29A521480015C165 /* CHAT-SHIRE.jpg */ = {isa = PBXFileReference; lastKnownFileType = image.jpeg; path = "CHAT-SHIRE.jpg"; sourceTree = "<group>"; };
		9B2C71E829A5217E0015C165 /* 꽃갈피2.jpg */ = {isa = PBXFileReference; lastKnownFileType = image.jpeg; path = "꽃갈피2.jpg"; sourceTree = "<group>"; };
		9B2F945829A3A70B00129B05 /* imageViewController.swift */ = {isa = PBXFileReference; lastKnownFileType = sourcecode.swift; path = imageViewController.swift; sourceTree = "<group>"; };
		9B749B7529A7BED8003B150C /* webViewController.swift */ = {isa = PBXFileReference; lastKnownFileType = sourcecode.swift; path = webViewController.swift; sourceTree = "<group>"; };
		9BB5DEBF29A5B38B008BC8E0 /* lamp-remove.png */ = {isa = PBXFileReference; lastKnownFileType = image.png; path = "lamp-remove.png"; sourceTree = "<group>"; };
		9BB5DEC129A5B3CC008BC8E0 /* alertViewController.swift */ = {isa = PBXFileReference; lastKnownFileType = sourcecode.swift; path = alertViewController.swift; sourceTree = "<group>"; };
		9BB80A75299E2E89003FB771 /* swiftStudy2.app */ = {isa = PBXFileReference; explicitFileType = wrapper.application; includeInIndex = 0; path = swiftStudy2.app; sourceTree = BUILT_PRODUCTS_DIR; };
		9BB80A78299E2E89003FB771 /* AppDelegate.swift */ = {isa = PBXFileReference; lastKnownFileType = sourcecode.swift; path = AppDelegate.swift; sourceTree = "<group>"; };
		9BB80A7A299E2E89003FB771 /* SceneDelegate.swift */ = {isa = PBXFileReference; lastKnownFileType = sourcecode.swift; path = SceneDelegate.swift; sourceTree = "<group>"; };
		9BB80A7C299E2E89003FB771 /* ViewController.swift */ = {isa = PBXFileReference; lastKnownFileType = sourcecode.swift; path = ViewController.swift; sourceTree = "<group>"; };
		9BB80A7F299E2E89003FB771 /* Base */ = {isa = PBXFileReference; lastKnownFileType = file.storyboard; name = Base; path = Base.lproj/Main.storyboard; sourceTree = "<group>"; };
		9BB80A81299E2E8A003FB771 /* Assets.xcassets */ = {isa = PBXFileReference; lastKnownFileType = folder.assetcatalog; path = Assets.xcassets; sourceTree = "<group>"; };
		9BB80A84299E2E8A003FB771 /* Base */ = {isa = PBXFileReference; lastKnownFileType = file.storyboard; name = Base; path = Base.lproj/LaunchScreen.storyboard; sourceTree = "<group>"; };
		9BB80A86299E2E8A003FB771 /* Info.plist */ = {isa = PBXFileReference; lastKnownFileType = text.plist.xml; path = Info.plist; sourceTree = "<group>"; };
/* End PBXFileReference section */

/* Begin PBXFrameworksBuildPhase section */
		9BB80A72299E2E89003FB771 /* Frameworks */ = {
			isa = PBXFrameworksBuildPhase;
			buildActionMask = 2147483647;
			files = (
			);
			runOnlyForDeploymentPostprocessing = 0;
		};
/* End PBXFrameworksBuildPhase section */

/* Begin PBXGroup section */
		9B2C71C529A51F0F0015C165 /* album */ = {
			isa = PBXGroup;
			children = (
				9B2C71E829A5217E0015C165 /* 꽃갈피2.jpg */,
				9B2C71D729A521470015C165 /* 꽃갈피1.jpg */,
				9B2C71D829A521470015C165 /* 조각집.jpg */,
				9B2C71DD29A521480015C165 /* CHAT-SHIRE.jpg */,
				9B2C71D429A521470015C165 /* Growing_UP.jpg */,
				9B2C71DB29A521480015C165 /* Last_Fantasy.jpg */,
				9B2C71DA29A521480015C165 /* LILAC.jpg */,
				9B2C71DC29A521480015C165 /* Love_Poem.jpg */,
				9B2C71D929A521480015C165 /* Modern_Times.jpg */,
				9B2C71D629A521470015C165 /* Palette.jpg */,
			);
			path = album;
			sourceTree = "<group>";
		};
		9BB80A6C299E2E89003FB771 = {
			isa = PBXGroup;
			children = (
				9BB80A77299E2E89003FB771 /* swiftStudy2 */,
				9BB80A76299E2E89003FB771 /* Products */,
			);
			sourceTree = "<group>";
		};
		9BB80A76299E2E89003FB771 /* Products */ = {
			isa = PBXGroup;
			children = (
				9BB80A75299E2E89003FB771 /* swiftStudy2.app */,
			);
			name = Products;
			sourceTree = "<group>";
		};
		9BB80A77299E2E89003FB771 /* swiftStudy2 */ = {
			isa = PBXGroup;
			children = (
				9B2C71C529A51F0F0015C165 /* album */,
				9B0EC24429A3C95B00940C63 /* lamp_off.png */,
				9B0EC24629A3C96A00940C63 /* lamp_on.png */,
				9BB5DEBF29A5B38B008BC8E0 /* lamp-remove.png */,
				9BB5DEC129A5B3CC008BC8E0 /* alertViewController.swift */,
				9B749B7529A7BED8003B150C /* webViewController.swift */,
				9B2B0D7E29A8F2960013ACFB /* htmlView.html */,
				9BB80A78299E2E89003FB771 /* AppDelegate.swift */,
				9B2C71C129A4EEB70015C165 /* datePickerViewController.swift */,
				9BB80A7A299E2E89003FB771 /* SceneDelegate.swift */,
				9B2C71C329A51ECA0015C165 /* pickerViewController.swift */,
				9B2F945829A3A70B00129B05 /* imageViewController.swift */,
				9BB80A7C299E2E89003FB771 /* ViewController.swift */,
				9BB80A7E299E2E89003FB771 /* Main.storyboard */,
				9BB80A81299E2E8A003FB771 /* Assets.xcassets */,
				9BB80A83299E2E8A003FB771 /* LaunchScreen.storyboard */,
				9BB80A86299E2E8A003FB771 /* Info.plist */,
			);
			path = swiftStudy2;
			sourceTree = "<group>";
		};
/* End PBXGroup section */

/* Begin PBXNativeTarget section */
		9BB80A74299E2E89003FB771 /* swiftStudy2 */ = {
			isa = PBXNativeTarget;
			buildConfigurationList = 9BB80A89299E2E8A003FB771 /* Build configuration list for PBXNativeTarget "swiftStudy2" */;
			buildPhases = (
				9BB80A71299E2E89003FB771 /* Sources */,
				9BB80A72299E2E89003FB771 /* Frameworks */,
				9BB80A73299E2E89003FB771 /* Resources */,
			);
			buildRules = (
			);
			dependencies = (
			);
			name = swiftStudy2;
			productName = swiftStudy2;
			productReference = 9BB80A75299E2E89003FB771 /* swiftStudy2.app */;
			productType = "com.apple.product-type.application";
		};
/* End PBXNativeTarget section */

/* Begin PBXProject section */
		9BB80A6D299E2E89003FB771 /* Project object */ = {
			isa = PBXProject;
			attributes = {
				BuildIndependentTargetsInParallel = 1;
				LastSwiftUpdateCheck = 1420;
				LastUpgradeCheck = 1420;
				TargetAttributes = {
					9BB80A74299E2E89003FB771 = {
						CreatedOnToolsVersion = 14.2;
					};
				};
			};
			buildConfigurationList = 9BB80A70299E2E89003FB771 /* Build configuration list for PBXProject "swiftStudy2" */;
			compatibilityVersion = "Xcode 14.0";
			developmentRegion = en;
			hasScannedForEncodings = 0;
			knownRegions = (
				en,
				Base,
			);
			mainGroup = 9BB80A6C299E2E89003FB771;
			productRefGroup = 9BB80A76299E2E89003FB771 /* Products */;
			projectDirPath = "";
			projectRoot = "";
			targets = (
				9BB80A74299E2E89003FB771 /* swiftStudy2 */,
			);
		};
/* End PBXProject section */

/* Begin PBXResourcesBuildPhase section */
		9BB80A73299E2E89003FB771 /* Resources */ = {
			isa = PBXResourcesBuildPhase;
			buildActionMask = 2147483647;
			files = (
				9B2C71DE29A521480015C165 /* Growing_UP.jpg in Resources */,
				9B2C71E429A521480015C165 /* LILAC.jpg in Resources */,
				9B2B0D7F29A8F2960013ACFB /* htmlView.html in Resources */,
				9B2C71E929A5217E0015C165 /* 꽃갈피2.jpg in Resources */,
				9B2C71E029A521480015C165 /* Palette.jpg in Resources */,
				9BB80A85299E2E8A003FB771 /* LaunchScreen.storyboard in Resources */,
				9B2C71E329A521480015C165 /* Modern_Times.jpg in Resources */,
				9BB80A82299E2E8A003FB771 /* Assets.xcassets in Resources */,
				9BB5DEC029A5B38B008BC8E0 /* lamp-remove.png in Resources */,
				9B2C71E729A521480015C165 /* CHAT-SHIRE.jpg in Resources */,
				9B2C71E629A521480015C165 /* Love_Poem.jpg in Resources */,
				9B2C71E229A521480015C165 /* 조각집.jpg in Resources */,
				9B0EC24729A3C96A00940C63 /* lamp_on.png in Resources */,
				9BB80A80299E2E89003FB771 /* Main.storyboard in Resources */,
				9B2C71E529A521480015C165 /* Last_Fantasy.jpg in Resources */,
				9B0EC24529A3C95B00940C63 /* lamp_off.png in Resources */,
				9B2C71E129A521480015C165 /* 꽃갈피1.jpg in Resources */,
			);
			runOnlyForDeploymentPostprocessing = 0;
		};
/* End PBXResourcesBuildPhase section */

/* Begin PBXSourcesBuildPhase section */
		9BB80A71299E2E89003FB771 /* Sources */ = {
			isa = PBXSourcesBuildPhase;
			buildActionMask = 2147483647;
			files = (
				9BB80A7D299E2E89003FB771 /* ViewController.swift in Sources */,
				9BB5DEC229A5B3CC008BC8E0 /* alertViewController.swift in Sources */,
				9BB80A79299E2E89003FB771 /* AppDelegate.swift in Sources */,
				9B2C71C429A51ECA0015C165 /* pickerViewController.swift in Sources */,
				9B2F945929A3A70B00129B05 /* imageViewController.swift in Sources */,
				9B2C71C229A4EEB70015C165 /* datePickerViewController.swift in Sources */,
				9BB80A7B299E2E89003FB771 /* SceneDelegate.swift in Sources */,
				9B749B7629A7BED8003B150C /* webViewController.swift in Sources */,
			);
			runOnlyForDeploymentPostprocessing = 0;
		};
/* End PBXSourcesBuildPhase section */

/* Begin PBXVariantGroup section */
		9BB80A7E299E2E89003FB771 /* Main.storyboard */ = {
			isa = PBXVariantGroup;
			children = (
				9BB80A7F299E2E89003FB771 /* Base */,
			);
			name = Main.storyboard;
			sourceTree = "<group>";
		};
		9BB80A83299E2E8A003FB771 /* LaunchScreen.storyboard */ = {
			isa = PBXVariantGroup;
			children = (
				9BB80A84299E2E8A003FB771 /* Base */,
			);
			name = LaunchScreen.storyboard;
			sourceTree = "<group>";
		};
/* End PBXVariantGroup section */

/* Begin XCBuildConfiguration section */
		9BB80A87299E2E8A003FB771 /* Debug */ = {
			isa = XCBuildConfiguration;
			buildSettings = {
				ALWAYS_SEARCH_USER_PATHS = NO;
				CLANG_ANALYZER_NONNULL = YES;
				CLANG_ANALYZER_NUMBER_OBJECT_CONVERSION = YES_AGGRESSIVE;
				CLANG_CXX_LANGUAGE_STANDARD = "gnu++20";
				CLANG_ENABLE_MODULES = YES;
				CLANG_ENABLE_OBJC_ARC = YES;
				CLANG_ENABLE_OBJC_WEAK = YES;
				CLANG_WARN_BLOCK_CAPTURE_AUTORELEASING = YES;
				CLANG_WARN_BOOL_CONVERSION = YES;
				CLANG_WARN_COMMA = YES;
				CLANG_WARN_CONSTANT_CONVERSION = YES;
				CLANG_WARN_DEPRECATED_OBJC_IMPLEMENTATIONS = YES;
				CLANG_WARN_DIRECT_OBJC_ISA_USAGE = YES_ERROR;
				CLANG_WARN_DOCUMENTATION_COMMENTS = YES;
				CLANG_WARN_EMPTY_BODY = YES;
				CLANG_WARN_ENUM_CONVERSION = YES;
				CLANG_WARN_INFINITE_RECURSION = YES;
				CLANG_WARN_INT_CONVERSION = YES;
				CLANG_WARN_NON_LITERAL_NULL_CONVERSION = YES;
				CLANG_WARN_OBJC_IMPLICIT_RETAIN_SELF = YES;
				CLANG_WARN_OBJC_LITERAL_CONVERSION = YES;
				CLANG_WARN_OBJC_ROOT_CLASS = YES_ERROR;
				CLANG_WARN_QUOTED_INCLUDE_IN_FRAMEWORK_HEADER = YES;
				CLANG_WARN_RANGE_LOOP_ANALYSIS = YES;
				CLANG_WARN_STRICT_PROTOTYPES = YES;
				CLANG_WARN_SUSPICIOUS_MOVE = YES;
				CLANG_WARN_UNGUARDED_AVAILABILITY = YES_AGGRESSIVE;
				CLANG_WARN_UNREACHABLE_CODE = YES;
				CLANG_WARN__DUPLICATE_METHOD_MATCH = YES;
				COPY_PHASE_STRIP = NO;
				DEBUG_INFORMATION_FORMAT = dwarf;
				ENABLE_STRICT_OBJC_MSGSEND = YES;
				ENABLE_TESTABILITY = YES;
				GCC_C_LANGUAGE_STANDARD = gnu11;
				GCC_DYNAMIC_NO_PIC = NO;
				GCC_NO_COMMON_BLOCKS = YES;
				GCC_OPTIMIZATION_LEVEL = 0;
				GCC_PREPROCESSOR_DEFINITIONS = (
					"DEBUG=1",
					"$(inherited)",
				);
				GCC_WARN_64_TO_32_BIT_CONVERSION = YES;
				GCC_WARN_ABOUT_RETURN_TYPE = YES_ERROR;
				GCC_WARN_UNDECLARED_SELECTOR = YES;
				GCC_WARN_UNINITIALIZED_AUTOS = YES_AGGRESSIVE;
				GCC_WARN_UNUSED_FUNCTION = YES;
				GCC_WARN_UNUSED_VARIABLE = YES;
				IPHONEOS_DEPLOYMENT_TARGET = 16.2;
				MTL_ENABLE_DEBUG_INFO = INCLUDE_SOURCE;
				MTL_FAST_MATH = YES;
				ONLY_ACTIVE_ARCH = YES;
				SDKROOT = iphoneos;
				SWIFT_ACTIVE_COMPILATION_CONDITIONS = DEBUG;
				SWIFT_OPTIMIZATION_LEVEL = "-Onone";
			};
			name = Debug;
		};
		9BB80A88299E2E8A003FB771 /* Release */ = {
			isa = XCBuildConfiguration;
			buildSettings = {
				ALWAYS_SEARCH_USER_PATHS = NO;
				CLANG_ANALYZER_NONNULL = YES;
				CLANG_ANALYZER_NUMBER_OBJECT_CONVERSION = YES_AGGRESSIVE;
				CLANG_CXX_LANGUAGE_STANDARD = "gnu++20";
				CLANG_ENABLE_MODULES = YES;
				CLANG_ENABLE_OBJC_ARC = YES;
				CLANG_ENABLE_OBJC_WEAK = YES;
				CLANG_WARN_BLOCK_CAPTURE_AUTORELEASING = YES;
				CLANG_WARN_BOOL_CONVERSION = YES;
				CLANG_WARN_COMMA = YES;
				CLANG_WARN_CONSTANT_CONVERSION = YES;
				CLANG_WARN_DEPRECATED_OBJC_IMPLEMENTATIONS = YES;
				CLANG_WARN_DIRECT_OBJC_ISA_USAGE = YES_ERROR;
				CLANG_WARN_DOCUMENTATION_COMMENTS = YES;
				CLANG_WARN_EMPTY_BODY = YES;
				CLANG_WARN_ENUM_CONVERSION = YES;
				CLANG_WARN_INFINITE_RECURSION = YES;
				CLANG_WARN_INT_CONVERSION = YES;
				CLANG_WARN_NON_LITERAL_NULL_CONVERSION = YES;
				CLANG_WARN_OBJC_IMPLICIT_RETAIN_SELF = YES;
				CLANG_WARN_OBJC_LITERAL_CONVERSION = YES;
				CLANG_WARN_OBJC_ROOT_CLASS = YES_ERROR;
				CLANG_WARN_QUOTED_INCLUDE_IN_FRAMEWORK_HEADER = YES;
				CLANG_WARN_RANGE_LOOP_ANALYSIS = YES;
				CLANG_WARN_STRICT_PROTOTYPES = YES;
				CLANG_WARN_SUSPICIOUS_MOVE = YES;
				CLANG_WARN_UNGUARDED_AVAILABILITY = YES_AGGRESSIVE;
				CLANG_WARN_UNREACHABLE_CODE = YES;
				CLANG_WARN__DUPLICATE_METHOD_MATCH = YES;
				COPY_PHASE_STRIP = NO;
				DEBUG_INFORMATION_FORMAT = "dwarf-with-dsym";
				ENABLE_NS_ASSERTIONS = NO;
				ENABLE_STRICT_OBJC_MSGSEND = YES;
				GCC_C_LANGUAGE_STANDARD = gnu11;
				GCC_NO_COMMON_BLOCKS = YES;
				GCC_WARN_64_TO_32_BIT_CONVERSION = YES;
				GCC_WARN_ABOUT_RETURN_TYPE = YES_ERROR;
				GCC_WARN_UNDECLARED_SELECTOR = YES;
				GCC_WARN_UNINITIALIZED_AUTOS = YES_AGGRESSIVE;
				GCC_WARN_UNUSED_FUNCTION = YES;
				GCC_WARN_UNUSED_VARIABLE = YES;
				IPHONEOS_DEPLOYMENT_TARGET = 16.2;
				MTL_ENABLE_DEBUG_INFO = NO;
				MTL_FAST_MATH = YES;
				SDKROOT = iphoneos;
				SWIFT_COMPILATION_MODE = wholemodule;
				SWIFT_OPTIMIZATION_LEVEL = "-O";
				VALIDATE_PRODUCT = YES;
			};
			name = Release;
		};
		9BB80A8A299E2E8A003FB771 /* Debug */ = {
			isa = XCBuildConfiguration;
			buildSettings = {
				ASSETCATALOG_COMPILER_APPICON_NAME = AppIcon;
				ASSETCATALOG_COMPILER_GLOBAL_ACCENT_COLOR_NAME = AccentColor;
				CODE_SIGN_STYLE = Automatic;
				CURRENT_PROJECT_VERSION = 1;
				GENERATE_INFOPLIST_FILE = YES;
				INFOPLIST_FILE = swiftStudy2/Info.plist;
				INFOPLIST_KEY_UIApplicationSupportsIndirectInputEvents = YES;
				INFOPLIST_KEY_UILaunchStoryboardName = LaunchScreen;
				INFOPLIST_KEY_UIMainStoryboardFile = Main;
				INFOPLIST_KEY_UISupportedInterfaceOrientations_iPad = "UIInterfaceOrientationPortrait UIInterfaceOrientationPortraitUpsideDown UIInterfaceOrientationLandscapeLeft UIInterfaceOrientationLandscapeRight";
				INFOPLIST_KEY_UISupportedInterfaceOrientations_iPhone = "UIInterfaceOrientationPortrait UIInterfaceOrientationLandscapeLeft UIInterfaceOrientationLandscapeRight";
				LD_RUNPATH_SEARCH_PATHS = (
					"$(inherited)",
					"@executable_path/Frameworks",
				);
				MARKETING_VERSION = 1.0;
				PRODUCT_BUNDLE_IDENTIFIER = studytest.swiftStudy2;
				PRODUCT_NAME = "$(TARGET_NAME)";
				SWIFT_EMIT_LOC_STRINGS = YES;
				SWIFT_VERSION = 5.0;
				TARGETED_DEVICE_FAMILY = "1,2";
			};
			name = Debug;
		};
		9BB80A8B299E2E8A003FB771 /* Release */ = {
			isa = XCBuildConfiguration;
			buildSettings = {
				ASSETCATALOG_COMPILER_APPICON_NAME = AppIcon;
				ASSETCATALOG_COMPILER_GLOBAL_ACCENT_COLOR_NAME = AccentColor;
				CODE_SIGN_STYLE = Automatic;
				CURRENT_PROJECT_VERSION = 1;
				GENERATE_INFOPLIST_FILE = YES;
				INFOPLIST_FILE = swiftStudy2/Info.plist;
				INFOPLIST_KEY_UIApplicationSupportsIndirectInputEvents = YES;
				INFOPLIST_KEY_UILaunchStoryboardName = LaunchScreen;
				INFOPLIST_KEY_UIMainStoryboardFile = Main;
				INFOPLIST_KEY_UISupportedInterfaceOrientations_iPad = "UIInterfaceOrientationPortrait UIInterfaceOrientationPortraitUpsideDown UIInterfaceOrientationLandscapeLeft UIInterfaceOrientationLandscapeRight";
				INFOPLIST_KEY_UISupportedInterfaceOrientations_iPhone = "UIInterfaceOrientationPortrait UIInterfaceOrientationLandscapeLeft UIInterfaceOrientationLandscapeRight";
				LD_RUNPATH_SEARCH_PATHS = (
					"$(inherited)",
					"@executable_path/Frameworks",
				);
				MARKETING_VERSION = 1.0;
				PRODUCT_BUNDLE_IDENTIFIER = studytest.swiftStudy2;
				PRODUCT_NAME = "$(TARGET_NAME)";
				SWIFT_EMIT_LOC_STRINGS = YES;
				SWIFT_VERSION = 5.0;
				TARGETED_DEVICE_FAMILY = "1,2";
			};
			name = Release;
		};
/* End XCBuildConfiguration section */

/* Begin XCConfigurationList section */
		9BB80A70299E2E89003FB771 /* Build configuration list for PBXProject "swiftStudy2" */ = {
			isa = XCConfigurationList;
			buildConfigurations = (
				9BB80A87299E2E8A003FB771 /* Debug */,
				9BB80A88299E2E8A003FB771 /* Release */,
			);
			defaultConfigurationIsVisible = 0;
			defaultConfigurationName = Release;
		};
		9BB80A89299E2E8A003FB771 /* Build configuration list for PBXNativeTarget "swiftStudy2" */ = {
			isa = XCConfigurationList;
			buildConfigurations = (
				9BB80A8A299E2E8A003FB771 /* Debug */,
				9BB80A8B299E2E8A003FB771 /* Release */,
			);
			defaultConfigurationIsVisible = 0;
			defaultConfigurationName = Release;
		};
/* End XCConfigurationList section */
	};
	rootObject = 9BB80A6D299E2E89003FB771 /* Project object */;
}
